
Microsoft Visual Studio Solution File, Format Version 12.00
# Visual Studio 15
VisualStudioVersion = 15.0.27004.2009
MinimumVisualStudioVersion = 10.0.40219.1
Project("{FAE04EC0-301F-11D3-BF4B-00C04F79EFBC}") = "TicTacToe", "TicTacToe\TicTacToe.csproj", "{EDD41941-9902-40A8-9688-D6E95D8F2B25}"
EndProject
Global
	GlobalSection(SolutionConfigurationPlatforms) = preSolution
		Debug|Any CPU = Debug|Any CPU
		Release|Any CPU = Release|Any CPU
	EndGlobalSection
	GlobalSection(ProjectConfigurationPlatforms) = postSolution
		{EDD41941-9902-40A8-9688-D6E95D8F2B25}.Debug|Any CPU.ActiveCfg = Debug|Any CPU
		{EDD41941-9902-40A8-9688-D6E95D8F2B25}.Debug|Any CPU.Build.0 = Debug|Any CPU
		{EDD41941-9902-40A8-9688-D6E95D8F2B25}.Release|Any CPU.ActiveCfg = Release|Any CPU
		{EDD41941-9902-40A8-9688-D6E95D8F2B25}.Release|Any CPU.Build.0 = Release|Any CPU
	EndGlobalSection
	GlobalSection(SolutionProperties) = preSolution
		HideSolutionNode = FALSE
	EndGlobalSection
	GlobalSection(ExtensibilityGlobals) = postSolution
		SolutionGuid = {A8F862F7-9329-4916-93C1-D5930B3ECB98}
	EndGlobalSection
EndGlobal
